
Microsoft Visual Studio Solution File, Format Version 12.00
# Visual Studio 15
VisualStudioVersion = 15.0.27004.2008
MinimumVisualStudioVersion = 10.0.40219.1
Project("{F184B08F-C81C-45F6-A57F-5ABD9991F28F}") = "PeriodiBOT-IRC", "PeriodiBOT-IRC.vbproj", "{B5915676-AE07-4379-8F0A-D1DB6C584903}"
EndProject
Global
	GlobalSection(SolutionConfigurationPlatforms) = preSolution
		Debug|Any CPU = Debug|Any CPU
		Release|Any CPU = Release|Any CPU
	EndGlobalSection
	GlobalSection(ProjectConfigurationPlatforms) = postSolution
		{B5915676-AE07-4379-8F0A-D1DB6C584903}.Debug|Any CPU.ActiveCfg = Debug|Any CPU
		{B5915676-AE07-4379-8F0A-D1DB6C584903}.Debug|Any CPU.Build.0 = Debug|Any CPU
		{B5915676-AE07-4379-8F0A-D1DB6C584903}.Release|Any CPU.ActiveCfg = Release|Any CPU
		{B5915676-AE07-4379-8F0A-D1DB6C584903}.Release|Any CPU.Build.0 = Release|Any CPU
	EndGlobalSection
	GlobalSection(SolutionProperties) = preSolution
		HideSolutionNode = FALSE
	EndGlobalSection
	GlobalSection(ExtensibilityGlobals) = postSolution
		SolutionGuid = {FF407F99-FAFC-4978-8682-B6CFC711EF9C}
	EndGlobalSection
EndGlobal
